
Microsoft Visual Studio Solution File, Format Version 11.00
# Visual Studio 2010
Project("{FAE04EC0-301F-11D3-BF4B-00C04F79EFBC}") = "Zinnia.Runtime", "Zinnia.Runtime.csproj", "{d555fe54-d74a-cd7f-5a52-831a69f62865}"
EndProject
Project("{FAE04EC0-301F-11D3-BF4B-00C04F79EFBC}") = "Assembly-CSharp", "Assembly-CSharp.csproj", "{b5efd210-f83a-96ae-d4aa-f4a303d41706}"
EndProject
Project("{FAE04EC0-301F-11D3-BF4B-00C04F79EFBC}") = "VRTK.Prefabs.Runtime", "VRTK.Prefabs.Runtime.csproj", "{36da5c58-5fd7-d1f4-f987-3decc782f31b}"
EndProject
Project("{FAE04EC0-301F-11D3-BF4B-00C04F79EFBC}") = "Zinnia.Tests.Editor", "Zinnia.Tests.Editor.csproj", "{33f3231b-74c6-6a19-f925-f6d58e0c3ce5}"
EndProject
Project("{FAE04EC0-301F-11D3-BF4B-00C04F79EFBC}") = "VRTK.Samples.Farm.Runtime", "VRTK.Samples.Farm.Runtime.csproj", "{e2fae239-e07b-443e-aed6-1630c03cfcb3}"
EndProject
Project("{FAE04EC0-301F-11D3-BF4B-00C04F79EFBC}") = "Zinnia.Tests.Utility", "Zinnia.Tests.Utility.csproj", "{3775d5bb-00b7-e85c-fd07-56fb01970a00}"
EndProject
Project("{FAE04EC0-301F-11D3-BF4B-00C04F79EFBC}") = "Assembly-CSharp-Editor", "Assembly-CSharp-Editor.csproj", "{4b8d8cc1-fd6a-f1b9-2554-10dc494969d2}"
EndProject
Project("{FAE04EC0-301F-11D3-BF4B-00C04F79EFBC}") = "Zinnia.Editor", "Zinnia.Editor.csproj", "{77c2e3dc-070a-6bde-9fb2-5a0775576978}"
EndProject
Project("{FAE04EC0-301F-11D3-BF4B-00C04F79EFBC}") = "VRTK.Samples.Farm.Editor", "VRTK.Samples.Farm.Editor.csproj", "{3a413a18-3c0e-999c-ff8e-d26c4e6bc5b1}"
EndProject
Project("{FAE04EC0-301F-11D3-BF4B-00C04F79EFBC}") = "Supyrb.Editor", "Supyrb.Editor.csproj", "{feabe605-63fb-5ddc-a5b0-881d334ca5e5}"
EndProject
Global
	GlobalSection(SolutionConfigurationPlatforms) = preSolution
		Debug|Any CPU = Debug|Any CPU
		Release|Any CPU = Release|Any CPU
	EndGlobalSection
	GlobalSection(ProjectConfigurationPlatforms) = postSolution
		{d555fe54-d74a-cd7f-5a52-831a69f62865}.Debug|Any CPU.ActiveCfg = Debug|Any CPU
		{d555fe54-d74a-cd7f-5a52-831a69f62865}.Debug|Any CPU.Build.0 = Debug|Any CPU
		{d555fe54-d74a-cd7f-5a52-831a69f62865}.Release|Any CPU.ActiveCfg = Release|Any CPU
		{d555fe54-d74a-cd7f-5a52-831a69f62865}.Release|Any CPU.Build.0 = Release|Any CPU
		{b5efd210-f83a-96ae-d4aa-f4a303d41706}.Debug|Any CPU.ActiveCfg = Debug|Any CPU
		{b5efd210-f83a-96ae-d4aa-f4a303d41706}.Debug|Any CPU.Build.0 = Debug|Any CPU
		{b5efd210-f83a-96ae-d4aa-f4a303d41706}.Release|Any CPU.ActiveCfg = Release|Any CPU
		{b5efd210-f83a-96ae-d4aa-f4a303d41706}.Release|Any CPU.Build.0 = Release|Any CPU
		{36da5c58-5fd7-d1f4-f987-3decc782f31b}.Debug|Any CPU.ActiveCfg = Debug|Any CPU
		{36da5c58-5fd7-d1f4-f987-3decc782f31b}.Debug|Any CPU.Build.0 = Debug|Any CPU
		{36da5c58-5fd7-d1f4-f987-3decc782f31b}.Release|Any CPU.ActiveCfg = Release|Any CPU
		{36da5c58-5fd7-d1f4-f987-3decc782f31b}.Release|Any CPU.Build.0 = Release|Any CPU
		{33f3231b-74c6-6a19-f925-f6d58e0c3ce5}.Debug|Any CPU.ActiveCfg = Debug|Any CPU
		{33f3231b-74c6-6a19-f925-f6d58e0c3ce5}.Debug|Any CPU.Build.0 = Debug|Any CPU
		{33f3231b-74c6-6a19-f925-f6d58e0c3ce5}.Release|Any CPU.ActiveCfg = Release|Any CPU
		{33f3231b-74c6-6a19-f925-f6d58e0c3ce5}.Release|Any CPU.Build.0 = Release|Any CPU
		{e2fae239-e07b-443e-aed6-1630c03cfcb3}.Debug|Any CPU.ActiveCfg = Debug|Any CPU
		{e2fae239-e07b-443e-aed6-1630c03cfcb3}.Debug|Any CPU.Build.0 = Debug|Any CPU
		{e2fae239-e07b-443e-aed6-1630c03cfcb3}.Release|Any CPU.ActiveCfg = Release|Any CPU
		{e2fae239-e07b-443e-aed6-1630c03cfcb3}.Release|Any CPU.Build.0 = Release|Any CPU
		{3775d5bb-00b7-e85c-fd07-56fb01970a00}.Debug|Any CPU.ActiveCfg = Debug|Any CPU
		{3775d5bb-00b7-e85c-fd07-56fb01970a00}.Debug|Any CPU.Build.0 = Debug|Any CPU
		{3775d5bb-00b7-e85c-fd07-56fb01970a00}.Release|Any CPU.ActiveCfg = Release|Any CPU
		{3775d5bb-00b7-e85c-fd07-56fb01970a00}.Release|Any CPU.Build.0 = Release|Any CPU
		{4b8d8cc1-fd6a-f1b9-2554-10dc494969d2}.Debug|Any CPU.ActiveCfg = Debug|Any CPU
		{4b8d8cc1-fd6a-f1b9-2554-10dc494969d2}.Debug|Any CPU.Build.0 = Debug|Any CPU
		{4b8d8cc1-fd6a-f1b9-2554-10dc494969d2}.Release|Any CPU.ActiveCfg = Release|Any CPU
		{4b8d8cc1-fd6a-f1b9-2554-10dc494969d2}.Release|Any CPU.Build.0 = Release|Any CPU
		{77c2e3dc-070a-6bde-9fb2-5a0775576978}.Debug|Any CPU.ActiveCfg = Debug|Any CPU
		{77c2e3dc-070a-6bde-9fb2-5a0775576978}.Debug|Any CPU.Build.0 = Debug|Any CPU
		{77c2e3dc-070a-6bde-9fb2-5a0775576978}.Release|Any CPU.ActiveCfg = Release|Any CPU
		{77c2e3dc-070a-6bde-9fb2-5a0775576978}.Release|Any CPU.Build.0 = Release|Any CPU
		{3a413a18-3c0e-999c-ff8e-d26c4e6bc5b1}.Debug|Any CPU.ActiveCfg = Debug|Any CPU
		{3a413a18-3c0e-999c-ff8e-d26c4e6bc5b1}.Debug|Any CPU.Build.0 = Debug|Any CPU
		{3a413a18-3c0e-999c-ff8e-d26c4e6bc5b1}.Release|Any CPU.ActiveCfg = Release|Any CPU
		{3a413a18-3c0e-999c-ff8e-d26c4e6bc5b1}.Release|Any CPU.Build.0 = Release|Any CPU
		{feabe605-63fb-5ddc-a5b0-881d334ca5e5}.Debug|Any CPU.ActiveCfg = Debug|Any CPU
		{feabe605-63fb-5ddc-a5b0-881d334ca5e5}.Debug|Any CPU.Build.0 = Debug|Any CPU
		{feabe605-63fb-5ddc-a5b0-881d334ca5e5}.Release|Any CPU.ActiveCfg = Release|Any CPU
		{feabe605-63fb-5ddc-a5b0-881d334ca5e5}.Release|Any CPU.Build.0 = Release|Any CPU
	EndGlobalSection
	GlobalSection(SolutionProperties) = preSolution
		HideSolutionNode = FALSE
	EndGlobalSection
EndGlobal
