
Microsoft Visual Studio Solution File, Format Version 11.00
# Visual Studio 2010
Project("{FAE04EC0-301F-11D3-BF4B-00C04F79EFBC}") = "Zinnia.Runtime", "Zinnia.Runtime.csproj", "{73588622-00E7-2D04-6036-2A8B0D1B5F30}"
EndProject
Project("{FAE04EC0-301F-11D3-BF4B-00C04F79EFBC}") = "Assembly-CSharp", "Assembly-CSharp.csproj", "{F01C11DC-3B7F-FDE2-DF7B-01A91EB29685}"
EndProject
Project("{FAE04EC0-301F-11D3-BF4B-00C04F79EFBC}") = "VRTK.Prefabs.Runtime", "VRTK.Prefabs.Runtime.csproj", "{3E8C7BC8-7931-9185-37BD-D5F2A6C4415B}"
EndProject
Project("{FAE04EC0-301F-11D3-BF4B-00C04F79EFBC}") = "Zinnia.Tests.Editor", "Zinnia.Tests.Editor.csproj", "{C893DED7-E7DE-8C3A-3582-037D25F11233}"
EndProject
Project("{FAE04EC0-301F-11D3-BF4B-00C04F79EFBC}") = "VRTK.Samples.Farm.Runtime", "VRTK.Samples.Farm.Runtime.csproj", "{1F297617-E2FE-044C-F5E5-F8CD5968C157}"
EndProject
Project("{FAE04EC0-301F-11D3-BF4B-00C04F79EFBC}") = "Zinnia.Tests.Utility", "Zinnia.Tests.Utility.csproj", "{B7A233BF-B23E-6DCF-CF4A-95765BFC90E1}"
EndProject
Project("{FAE04EC0-301F-11D3-BF4B-00C04F79EFBC}") = "Assembly-CSharp-Editor", "Assembly-CSharp-Editor.csproj", "{831922B9-082E-A1D4-FB4B-EF22C874B00D}"
EndProject
Project("{FAE04EC0-301F-11D3-BF4B-00C04F79EFBC}") = "Zinnia.Editor", "Zinnia.Editor.csproj", "{2859A541-04F3-F915-5998-CD68935266C8}"
EndProject
Project("{FAE04EC0-301F-11D3-BF4B-00C04F79EFBC}") = "VRTK.Samples.Farm.Editor", "VRTK.Samples.Farm.Editor.csproj", "{4D866D61-D5C4-3F1D-9A66-D9C22A1FE9CB}"
EndProject
Project("{FAE04EC0-301F-11D3-BF4B-00C04F79EFBC}") = "Supyrb.Editor", "Supyrb.Editor.csproj", "{3803F9A5-F98A-E65F-DCC6-8F78600914A9}"
EndProject
Global
	GlobalSection(SolutionConfigurationPlatforms) = preSolution
		Debug|Any CPU = Debug|Any CPU
		Release|Any CPU = Release|Any CPU
	EndGlobalSection
	GlobalSection(ProjectConfigurationPlatforms) = postSolution
		{73588622-00E7-2D04-6036-2A8B0D1B5F30}.Debug|Any CPU.ActiveCfg = Debug|Any CPU
		{73588622-00E7-2D04-6036-2A8B0D1B5F30}.Debug|Any CPU.Build.0 = Debug|Any CPU
		{73588622-00E7-2D04-6036-2A8B0D1B5F30}.Release|Any CPU.ActiveCfg = Release|Any CPU
		{73588622-00E7-2D04-6036-2A8B0D1B5F30}.Release|Any CPU.Build.0 = Release|Any CPU
		{F01C11DC-3B7F-FDE2-DF7B-01A91EB29685}.Debug|Any CPU.ActiveCfg = Debug|Any CPU
		{F01C11DC-3B7F-FDE2-DF7B-01A91EB29685}.Debug|Any CPU.Build.0 = Debug|Any CPU
		{F01C11DC-3B7F-FDE2-DF7B-01A91EB29685}.Release|Any CPU.ActiveCfg = Release|Any CPU
		{F01C11DC-3B7F-FDE2-DF7B-01A91EB29685}.Release|Any CPU.Build.0 = Release|Any CPU
		{3E8C7BC8-7931-9185-37BD-D5F2A6C4415B}.Debug|Any CPU.ActiveCfg = Debug|Any CPU
		{3E8C7BC8-7931-9185-37BD-D5F2A6C4415B}.Debug|Any CPU.Build.0 = Debug|Any CPU
		{3E8C7BC8-7931-9185-37BD-D5F2A6C4415B}.Release|Any CPU.ActiveCfg = Release|Any CPU
		{3E8C7BC8-7931-9185-37BD-D5F2A6C4415B}.Release|Any CPU.Build.0 = Release|Any CPU
		{C893DED7-E7DE-8C3A-3582-037D25F11233}.Debug|Any CPU.ActiveCfg = Debug|Any CPU
		{C893DED7-E7DE-8C3A-3582-037D25F11233}.Debug|Any CPU.Build.0 = Debug|Any CPU
		{C893DED7-E7DE-8C3A-3582-037D25F11233}.Release|Any CPU.ActiveCfg = Release|Any CPU
		{C893DED7-E7DE-8C3A-3582-037D25F11233}.Release|Any CPU.Build.0 = Release|Any CPU
		{1F297617-E2FE-044C-F5E5-F8CD5968C157}.Debug|Any CPU.ActiveCfg = Debug|Any CPU
		{1F297617-E2FE-044C-F5E5-F8CD5968C157}.Debug|Any CPU.Build.0 = Debug|Any CPU
		{1F297617-E2FE-044C-F5E5-F8CD5968C157}.Release|Any CPU.ActiveCfg = Release|Any CPU
		{1F297617-E2FE-044C-F5E5-F8CD5968C157}.Release|Any CPU.Build.0 = Release|Any CPU
		{B7A233BF-B23E-6DCF-CF4A-95765BFC90E1}.Debug|Any CPU.ActiveCfg = Debug|Any CPU
		{B7A233BF-B23E-6DCF-CF4A-95765BFC90E1}.Debug|Any CPU.Build.0 = Debug|Any CPU
		{B7A233BF-B23E-6DCF-CF4A-95765BFC90E1}.Release|Any CPU.ActiveCfg = Release|Any CPU
		{B7A233BF-B23E-6DCF-CF4A-95765BFC90E1}.Release|Any CPU.Build.0 = Release|Any CPU
		{831922B9-082E-A1D4-FB4B-EF22C874B00D}.Debug|Any CPU.ActiveCfg = Debug|Any CPU
		{831922B9-082E-A1D4-FB4B-EF22C874B00D}.Debug|Any CPU.Build.0 = Debug|Any CPU
		{831922B9-082E-A1D4-FB4B-EF22C874B00D}.Release|Any CPU.ActiveCfg = Release|Any CPU
		{831922B9-082E-A1D4-FB4B-EF22C874B00D}.Release|Any CPU.Build.0 = Release|Any CPU
		{2859A541-04F3-F915-5998-CD68935266C8}.Debug|Any CPU.ActiveCfg = Debug|Any CPU
		{2859A541-04F3-F915-5998-CD68935266C8}.Debug|Any CPU.Build.0 = Debug|Any CPU
		{2859A541-04F3-F915-5998-CD68935266C8}.Release|Any CPU.ActiveCfg = Release|Any CPU
		{2859A541-04F3-F915-5998-CD68935266C8}.Release|Any CPU.Build.0 = Release|Any CPU
		{4D866D61-D5C4-3F1D-9A66-D9C22A1FE9CB}.Debug|Any CPU.ActiveCfg = Debug|Any CPU
		{4D866D61-D5C4-3F1D-9A66-D9C22A1FE9CB}.Debug|Any CPU.Build.0 = Debug|Any CPU
		{4D866D61-D5C4-3F1D-9A66-D9C22A1FE9CB}.Release|Any CPU.ActiveCfg = Release|Any CPU
		{4D866D61-D5C4-3F1D-9A66-D9C22A1FE9CB}.Release|Any CPU.Build.0 = Release|Any CPU
		{3803F9A5-F98A-E65F-DCC6-8F78600914A9}.Debug|Any CPU.ActiveCfg = Debug|Any CPU
		{3803F9A5-F98A-E65F-DCC6-8F78600914A9}.Debug|Any CPU.Build.0 = Debug|Any CPU
		{3803F9A5-F98A-E65F-DCC6-8F78600914A9}.Release|Any CPU.ActiveCfg = Release|Any CPU
		{3803F9A5-F98A-E65F-DCC6-8F78600914A9}.Release|Any CPU.Build.0 = Release|Any CPU
	EndGlobalSection
	GlobalSection(SolutionProperties) = preSolution
		HideSolutionNode = FALSE
	EndGlobalSection
EndGlobal
